// !$*UTF8*$!
{
	archiveVersion = 1;
	classes = {
	};
	objectVersion = 46;
	objects = {

/* Begin PBXBuildFile section */
		738F5B0C1DB069A7003B4693 /* AppDelegate.swift in Sources */ = {isa = PBXBuildFile; fileRef = 738F5B0B1DB069A7003B4693 /* AppDelegate.swift */; };
		738F5B0E1DB069A7003B4693 /* ViewController.swift in Sources */ = {isa = PBXBuildFile; fileRef = 738F5B0D1DB069A7003B4693 /* ViewController.swift */; };
		738F5B111DB069A7003B4693 /* Main.storyboard in Resources */ = {isa = PBXBuildFile; fileRef = 738F5B0F1DB069A7003B4693 /* Main.storyboard */; };
		738F5B131DB069A7003B4693 /* Assets.xcassets in Resources */ = {isa = PBXBuildFile; fileRef = 738F5B121DB069A7003B4693 /* Assets.xcassets */; };
		738F5B161DB069A7003B4693 /* LaunchScreen.storyboard in Resources */ = {isa = PBXBuildFile; fileRef = 738F5B141DB069A7003B4693 /* LaunchScreen.storyboard */; };
		738F5B211DB069A7003B4693 /* SLEmotionKeyboardExampleTests.swift in Sources */ = {isa = PBXBuildFile; fileRef = 738F5B201DB069A7003B4693 /* SLEmotionKeyboardExampleTests.swift */; };
		738F5B2C1DB069A7003B4693 /* SLEmotionKeyboardExampleUITests.swift in Sources */ = {isa = PBXBuildFile; fileRef = 738F5B2B1DB069A7003B4693 /* SLEmotionKeyboardExampleUITests.swift */; };
		738F5B3F1DB06C1C003B4693 /* Emoticons.bundle in Resources */ = {isa = PBXBuildFile; fileRef = 738F5B3A1DB06C1C003B4693 /* Emoticons.bundle */; };
		738F5B401DB06C1C003B4693 /* SLEmoticonTextAttachment.swift in Sources */ = {isa = PBXBuildFile; fileRef = 738F5B3B1DB06C1C003B4693 /* SLEmoticonTextAttachment.swift */; };
		738F5B411DB06C1C003B4693 /* SLEmotionKeyboardController.swift in Sources */ = {isa = PBXBuildFile; fileRef = 738F5B3C1DB06C1C003B4693 /* SLEmotionKeyboardController.swift */; };
		738F5B421DB06C1C003B4693 /* SLEmotionKeyboardPackages.swift in Sources */ = {isa = PBXBuildFile; fileRef = 738F5B3D1DB06C1C003B4693 /* SLEmotionKeyboardPackages.swift */; };
		738F5B431DB06C1C003B4693 /* UITextView + SLEmoticon.swift in Sources */ = {isa = PBXBuildFile; fileRef = 738F5B3E1DB06C1C003B4693 /* UITextView + SLEmoticon.swift */; };
/* End PBXBuildFile section */

/* Begin PBXContainerItemProxy section */
		738F5B1D1DB069A7003B4693 /* PBXContainerItemProxy */ = {
			isa = PBXContainerItemProxy;
			containerPortal = 738F5B001DB069A7003B4693 /* Project object */;
			proxyType = 1;
			remoteGlobalIDString = 738F5B071DB069A7003B4693;
			remoteInfo = SLEmotionKeyboardExample;
		};
		738F5B281DB069A7003B4693 /* PBXContainerItemProxy */ = {
			isa = PBXContainerItemProxy;
			containerPortal = 738F5B001DB069A7003B4693 /* Project object */;
			proxyType = 1;
			remoteGlobalIDString = 738F5B071DB069A7003B4693;
			remoteInfo = SLEmotionKeyboardExample;
		};
/* End PBXContainerItemProxy section */

/* Begin PBXFileReference section */
		738F5B081DB069A7003B4693 /* SLEmotionKeyboardExample.app */ = {isa = PBXFileReference; explicitFileType = wrapper.application; includeInIndex = 0; path = SLEmotionKeyboardExample.app; sourceTree = BUILT_PRODUCTS_DIR; };
		738F5B0B1DB069A7003B4693 /* AppDelegate.swift */ = {isa = PBXFileReference; lastKnownFileType = sourcecode.swift; path = AppDelegate.swift; sourceTree = "<group>"; };
		738F5B0D1DB069A7003B4693 /* ViewController.swift */ = {isa = PBXFileReference; lastKnownFileType = sourcecode.swift; path = ViewController.swift; sourceTree = "<group>"; };
		738F5B101DB069A7003B4693 /* Base */ = {isa = PBXFileReference; lastKnownFileType = file.storyboard; name = Base; path = Base.lproj/Main.storyboard; sourceTree = "<group>"; };
		738F5B121DB069A7003B4693 /* Assets.xcassets */ = {isa = PBXFileReference; lastKnownFileType = folder.assetcatalog; path = Assets.xcassets; sourceTree = "<group>"; };
		738F5B151DB069A7003B4693 /* Base */ = {isa = PBXFileReference; lastKnownFileType = file.storyboard; name = Base; path = Base.lproj/LaunchScreen.storyboard; sourceTree = "<group>"; };
		738F5B171DB069A7003B4693 /* Info.plist */ = {isa = PBXFileReference; lastKnownFileType = text.plist.xml; path = Info.plist; sourceTree = "<group>"; };
		738F5B1C1DB069A7003B4693 /* SLEmotionKeyboardExampleTests.xctest */ = {isa = PBXFileReference; explicitFileType = wrapper.cfbundle; includeInIndex = 0; path = SLEmotionKeyboardExampleTests.xctest; sourceTree = BUILT_PRODUCTS_DIR; };
		738F5B201DB069A7003B4693 /* SLEmotionKeyboardExampleTests.swift */ = {isa = PBXFileReference; lastKnownFileType = sourcecode.swift; path = SLEmotionKeyboardExampleTests.swift; sourceTree = "<group>"; };
		738F5B221DB069A7003B4693 /* Info.plist */ = {isa = PBXFileReference; lastKnownFileType = text.plist.xml; path = Info.plist; sourceTree = "<group>"; };
		738F5B271DB069A7003B4693 /* SLEmotionKeyboardExampleUITests.xctest */ = {isa = PBXFileReference; explicitFileType = wrapper.cfbundle; includeInIndex = 0; path = SLEmotionKeyboardExampleUITests.xctest; sourceTree = BUILT_PRODUCTS_DIR; };
		738F5B2B1DB069A7003B4693 /* SLEmotionKeyboardExampleUITests.swift */ = {isa = PBXFileReference; lastKnownFileType = sourcecode.swift; path = SLEmotionKeyboardExampleUITests.swift; sourceTree = "<group>"; };
		738F5B2D1DB069A7003B4693 /* Info.plist */ = {isa = PBXFileReference; lastKnownFileType = text.plist.xml; path = Info.plist; sourceTree = "<group>"; };
		738F5B3A1DB06C1C003B4693 /* Emoticons.bundle */ = {isa = PBXFileReference; lastKnownFileType = "wrapper.plug-in"; path = Emoticons.bundle; sourceTree = "<group>"; };
		738F5B3B1DB06C1C003B4693 /* SLEmoticonTextAttachment.swift */ = {isa = PBXFileReference; fileEncoding = 4; lastKnownFileType = sourcecode.swift; path = SLEmoticonTextAttachment.swift; sourceTree = "<group>"; };
		738F5B3C1DB06C1C003B4693 /* SLEmotionKeyboardController.swift */ = {isa = PBXFileReference; fileEncoding = 4; lastKnownFileType = sourcecode.swift; path = SLEmotionKeyboardController.swift; sourceTree = "<group>"; };
		738F5B3D1DB06C1C003B4693 /* SLEmotionKeyboardPackages.swift */ = {isa = PBXFileReference; fileEncoding = 4; lastKnownFileType = sourcecode.swift; path = SLEmotionKeyboardPackages.swift; sourceTree = "<group>"; };
		738F5B3E1DB06C1C003B4693 /* UITextView + SLEmoticon.swift */ = {isa = PBXFileReference; fileEncoding = 4; lastKnownFileType = sourcecode.swift; path = "UITextView + SLEmoticon.swift"; sourceTree = "<group>"; };
/* End PBXFileReference section */

/* Begin PBXFrameworksBuildPhase section */
		738F5B051DB069A7003B4693 /* Frameworks */ = {
			isa = PBXFrameworksBuildPhase;
			buildActionMask = 2147483647;
			files = (
			);
			runOnlyForDeploymentPostprocessing = 0;
		};
		738F5B191DB069A7003B4693 /* Frameworks */ = {
			isa = PBXFrameworksBuildPhase;
			buildActionMask = 2147483647;
			files = (
			);
			runOnlyForDeploymentPostprocessing = 0;
		};
		738F5B241DB069A7003B4693 /* Frameworks */ = {
			isa = PBXFrameworksBuildPhase;
			buildActionMask = 2147483647;
			files = (
			);
			runOnlyForDeploymentPostprocessing = 0;
		};
/* End PBXFrameworksBuildPhase section */

/* Begin PBXGroup section */
		738F5AFF1DB069A7003B4693 = {
			isa = PBXGroup;
			children = (
				738F5B0A1DB069A7003B4693 /* SLEmotionKeyboardExample */,
				738F5B1F1DB069A7003B4693 /* SLEmotionKeyboardExampleTests */,
				738F5B2A1DB069A7003B4693 /* SLEmotionKeyboardExampleUITests */,
				738F5B091DB069A7003B4693 /* Products */,
			);
			sourceTree = "<group>";
		};
		738F5B091DB069A7003B4693 /* Products */ = {
			isa = PBXGroup;
			children = (
				738F5B081DB069A7003B4693 /* SLEmotionKeyboardExample.app */,
				738F5B1C1DB069A7003B4693 /* SLEmotionKeyboardExampleTests.xctest */,
				738F5B271DB069A7003B4693 /* SLEmotionKeyboardExampleUITests.xctest */,
			);
			name = Products;
			sourceTree = "<group>";
		};
		738F5B0A1DB069A7003B4693 /* SLEmotionKeyboardExample */ = {
			isa = PBXGroup;
			children = (
				738F5B391DB06C1C003B4693 /* SLEmotionKeyboard */,
				738F5B0B1DB069A7003B4693 /* AppDelegate.swift */,
				738F5B0D1DB069A7003B4693 /* ViewController.swift */,
				738F5B0F1DB069A7003B4693 /* Main.storyboard */,
				738F5B121DB069A7003B4693 /* Assets.xcassets */,
				738F5B141DB069A7003B4693 /* LaunchScreen.storyboard */,
				738F5B171DB069A7003B4693 /* Info.plist */,
			);
			path = SLEmotionKeyboardExample;
			sourceTree = "<group>";
		};
		738F5B1F1DB069A7003B4693 /* SLEmotionKeyboardExampleTests */ = {
			isa = PBXGroup;
			children = (
				738F5B201DB069A7003B4693 /* SLEmotionKeyboardExampleTests.swift */,
				738F5B221DB069A7003B4693 /* Info.plist */,
			);
			path = SLEmotionKeyboardExampleTests;
			sourceTree = "<group>";
		};
		738F5B2A1DB069A7003B4693 /* SLEmotionKeyboardExampleUITests */ = {
			isa = PBXGroup;
			children = (
				738F5B2B1DB069A7003B4693 /* SLEmotionKeyboardExampleUITests.swift */,
				738F5B2D1DB069A7003B4693 /* Info.plist */,
			);
			path = SLEmotionKeyboardExampleUITests;
			sourceTree = "<group>";
		};
		738F5B391DB06C1C003B4693 /* SLEmotionKeyboard */ = {
			isa = PBXGroup;
			children = (
				738F5B3A1DB06C1C003B4693 /* Emoticons.bundle */,
				738F5B3B1DB06C1C003B4693 /* SLEmoticonTextAttachment.swift */,
				738F5B3C1DB06C1C003B4693 /* SLEmotionKeyboardController.swift */,
				738F5B3D1DB06C1C003B4693 /* SLEmotionKeyboardPackages.swift */,
				738F5B3E1DB06C1C003B4693 /* UITextView + SLEmoticon.swift */,
			);
			name = SLEmotionKeyboard;
			path = ../../SLEmotionKeyboard;
			sourceTree = "<group>";
		};
/* End PBXGroup section */

/* Begin PBXNativeTarget section */
		738F5B071DB069A7003B4693 /* SLEmotionKeyboardExample */ = {
			isa = PBXNativeTarget;
			buildConfigurationList = 738F5B301DB069A7003B4693 /* Build configuration list for PBXNativeTarget "SLEmotionKeyboardExample" */;
			buildPhases = (
				738F5B041DB069A7003B4693 /* Sources */,
				738F5B051DB069A7003B4693 /* Frameworks */,
				738F5B061DB069A7003B4693 /* Resources */,
			);
			buildRules = (
			);
			dependencies = (
			);
			name = SLEmotionKeyboardExample;
			productName = SLEmotionKeyboardExample;
			productReference = 738F5B081DB069A7003B4693 /* SLEmotionKeyboardExample.app */;
			productType = "com.apple.product-type.application";
		};
		738F5B1B1DB069A7003B4693 /* SLEmotionKeyboardExampleTests */ = {
			isa = PBXNativeTarget;
			buildConfigurationList = 738F5B331DB069A7003B4693 /* Build configuration list for PBXNativeTarget "SLEmotionKeyboardExampleTests" */;
			buildPhases = (
				738F5B181DB069A7003B4693 /* Sources */,
				738F5B191DB069A7003B4693 /* Frameworks */,
				738F5B1A1DB069A7003B4693 /* Resources */,
			);
			buildRules = (
			);
			dependencies = (
				738F5B1E1DB069A7003B4693 /* PBXTargetDependency */,
			);
			name = SLEmotionKeyboardExampleTests;
			productName = SLEmotionKeyboardExampleTests;
			productReference = 738F5B1C1DB069A7003B4693 /* SLEmotionKeyboardExampleTests.xctest */;
			productType = "com.apple.product-type.bundle.unit-test";
		};
		738F5B261DB069A7003B4693 /* SLEmotionKeyboardExampleUITests */ = {
			isa = PBXNativeTarget;
			buildConfigurationList = 738F5B361DB069A7003B4693 /* Build configuration list for PBXNativeTarget "SLEmotionKeyboardExampleUITests" */;
			buildPhases = (
				738F5B231DB069A7003B4693 /* Sources */,
				738F5B241DB069A7003B4693 /* Frameworks */,
				738F5B251DB069A7003B4693 /* Resources */,
			);
			buildRules = (
			);
			dependencies = (
				738F5B291DB069A7003B4693 /* PBXTargetDependency */,
			);
			name = SLEmotionKeyboardExampleUITests;
			productName = SLEmotionKeyboardExampleUITests;
			productReference = 738F5B271DB069A7003B4693 /* SLEmotionKeyboardExampleUITests.xctest */;
			productType = "com.apple.product-type.bundle.ui-testing";
		};
/* End PBXNativeTarget section */

/* Begin PBXProject section */
		738F5B001DB069A7003B4693 /* Project object */ = {
			isa = PBXProject;
			attributes = {
				LastSwiftUpdateCheck = 0800;
				LastUpgradeCheck = 0800;
				ORGANIZATIONNAME = "CHEUNGYuk Hang Raymond";
				TargetAttributes = {
					738F5B071DB069A7003B4693 = {
						CreatedOnToolsVersion = 8.0;
						ProvisioningStyle = Automatic;
					};
					738F5B1B1DB069A7003B4693 = {
						CreatedOnToolsVersion = 8.0;
						ProvisioningStyle = Automatic;
						TestTargetID = 738F5B071DB069A7003B4693;
					};
					738F5B261DB069A7003B4693 = {
						CreatedOnToolsVersion = 8.0;
						ProvisioningStyle = Automatic;
						TestTargetID = 738F5B071DB069A7003B4693;
					};
				};
			};
			buildConfigurationList = 738F5B031DB069A7003B4693 /* Build configuration list for PBXProject "SLEmotionKeyboardExample" */;
			compatibilityVersion = "Xcode 3.2";
			developmentRegion = English;
			hasScannedForEncodings = 0;
			knownRegions = (
				en,
				Base,
			);
			mainGroup = 738F5AFF1DB069A7003B4693;
			productRefGroup = 738F5B091DB069A7003B4693 /* Products */;
			projectDirPath = "";
			projectRoot = "";
			targets = (
				738F5B071DB069A7003B4693 /* SLEmotionKeyboardExample */,
				738F5B1B1DB069A7003B4693 /* SLEmotionKeyboardExampleTests */,
				738F5B261DB069A7003B4693 /* SLEmotionKeyboardExampleUITests */,
			);
		};
/* End PBXProject section */

/* Begin PBXResourcesBuildPhase section */
		738F5B061DB069A7003B4693 /* Resources */ = {
			isa = PBXResourcesBuildPhase;
			buildActionMask = 2147483647;
			files = (
				738F5B161DB069A7003B4693 /* LaunchScreen.storyboard in Resources */,
				738F5B3F1DB06C1C003B4693 /* Emoticons.bundle in Resources */,
				738F5B131DB069A7003B4693 /* Assets.xcassets in Resources */,
				738F5B111DB069A7003B4693 /* Main.storyboard in Resources */,
			);
			runOnlyForDeploymentPostprocessing = 0;
		};
		738F5B1A1DB069A7003B4693 /* Resources */ = {
			isa = PBXResourcesBuildPhase;
			buildActionMask = 2147483647;
			files = (
			);
			runOnlyForDeploymentPostprocessing = 0;
		};
		738F5B251DB069A7003B4693 /* Resources */ = {
			isa = PBXResourcesBuildPhase;
			buildActionMask = 2147483647;
			files = (
			);
			runOnlyForDeploymentPostprocessing = 0;
		};
/* End PBXResourcesBuildPhase section */

/* Begin PBXSourcesBuildPhase section */
		738F5B041DB069A7003B4693 /* Sources */ = {
			isa = PBXSourcesBuildPhase;
			buildActionMask = 2147483647;
			files = (
				738F5B401DB06C1C003B4693 /* SLEmoticonTextAttachment.swift in Sources */,
				738F5B411DB06C1C003B4693 /* SLEmotionKeyboardController.swift in Sources */,
				738F5B431DB06C1C003B4693 /* UITextView + SLEmoticon.swift in Sources */,
				738F5B0E1DB069A7003B4693 /* ViewController.swift in Sources */,
				738F5B421DB06C1C003B4693 /* SLEmotionKeyboardPackages.swift in Sources */,
				738F5B0C1DB069A7003B4693 /* AppDelegate.swift in Sources */,
			);
			runOnlyForDeploymentPostprocessing = 0;
		};
		738F5B181DB069A7003B4693 /* Sources */ = {
			isa = PBXSourcesBuildPhase;
			buildActionMask = 2147483647;
			files = (
				738F5B211DB069A7003B4693 /* SLEmotionKeyboardExampleTests.swift in Sources */,
			);
			runOnlyForDeploymentPostprocessing = 0;
		};
		738F5B231DB069A7003B4693 /* Sources */ = {
			isa = PBXSourcesBuildPhase;
			buildActionMask = 2147483647;
			files = (
				738F5B2C1DB069A7003B4693 /* SLEmotionKeyboardExampleUITests.swift in Sources */,
			);
			runOnlyForDeploymentPostprocessing = 0;
		};
/* End PBXSourcesBuildPhase section */

/* Begin PBXTargetDependency section */
		738F5B1E1DB069A7003B4693 /* PBXTargetDependency */ = {
			isa = PBXTargetDependency;
			target = 738F5B071DB069A7003B4693 /* SLEmotionKeyboardExample */;
			targetProxy = 738F5B1D1DB069A7003B4693 /* PBXContainerItemProxy */;
		};
		738F5B291DB069A7003B4693 /* PBXTargetDependency */ = {
			isa = PBXTargetDependency;
			target = 738F5B071DB069A7003B4693 /* SLEmotionKeyboardExample */;
			targetProxy = 738F5B281DB069A7003B4693 /* PBXContainerItemProxy */;
		};
/* End PBXTargetDependency section */

/* Begin PBXVariantGroup section */
		738F5B0F1DB069A7003B4693 /* Main.storyboard */ = {
			isa = PBXVariantGroup;
			children = (
				738F5B101DB069A7003B4693 /* Base */,
			);
			name = Main.storyboard;
			sourceTree = "<group>";
		};
		738F5B141DB069A7003B4693 /* LaunchScreen.storyboard */ = {
			isa = PBXVariantGroup;
			children = (
				738F5B151DB069A7003B4693 /* Base */,
			);
			name = LaunchScreen.storyboard;
			sourceTree = "<group>";
		};
/* End PBXVariantGroup section */

/* Begin XCBuildConfiguration section */
		738F5B2E1DB069A7003B4693 /* Debug */ = {
			isa = XCBuildConfiguration;
			buildSettings = {
				ALWAYS_SEARCH_USER_PATHS = NO;
				CLANG_ANALYZER_NONNULL = YES;
				CLANG_CXX_LANGUAGE_STANDARD = "gnu++0x";
				CLANG_CXX_LIBRARY = "libc++";
				CLANG_ENABLE_MODULES = YES;
				CLANG_ENABLE_OBJC_ARC = YES;
				CLANG_WARN_BOOL_CONVERSION = YES;
				CLANG_WARN_CONSTANT_CONVERSION = YES;
				CLANG_WARN_DIRECT_OBJC_ISA_USAGE = YES_ERROR;
				CLANG_WARN_DOCUMENTATION_COMMENTS = YES;
				CLANG_WARN_EMPTY_BODY = YES;
				CLANG_WARN_ENUM_CONVERSION = YES;
				CLANG_WARN_INFINITE_RECURSION = YES;
				CLANG_WARN_INT_CONVERSION = YES;
				CLANG_WARN_OBJC_ROOT_CLASS = YES_ERROR;
				CLANG_WARN_SUSPICIOUS_MOVES = YES;
				CLANG_WARN_UNREACHABLE_CODE = YES;
				CLANG_WARN__DUPLICATE_METHOD_MATCH = YES;
				"CODE_SIGN_IDENTITY[sdk=iphoneos*]" = "iPhone Developer";
				COPY_PHASE_STRIP = NO;
				DEBUG_INFORMATION_FORMAT = dwarf;
				ENABLE_STRICT_OBJC_MSGSEND = YES;
				ENABLE_TESTABILITY = YES;
				GCC_C_LANGUAGE_STANDARD = gnu99;
				GCC_DYNAMIC_NO_PIC = NO;
				GCC_NO_COMMON_BLOCKS = YES;
				GCC_OPTIMIZATION_LEVEL = 0;
				GCC_PREPROCESSOR_DEFINITIONS = (
					"DEBUG=1",
					"$(inherited)",
				);
				GCC_WARN_64_TO_32_BIT_CONVERSION = YES;
				GCC_WARN_ABOUT_RETURN_TYPE = YES_ERROR;
				GCC_WARN_UNDECLARED_SELECTOR = YES;
				GCC_WARN_UNINITIALIZED_AUTOS = YES_AGGRESSIVE;
				GCC_WARN_UNUSED_FUNCTION = YES;
				GCC_WARN_UNUSED_VARIABLE = YES;
				IPHONEOS_DEPLOYMENT_TARGET = 10.0;
				MTL_ENABLE_DEBUG_INFO = YES;
				ONLY_ACTIVE_ARCH = YES;
				SDKROOT = iphoneos;
				SWIFT_ACTIVE_COMPILATION_CONDITIONS = DEBUG;
				SWIFT_OPTIMIZATION_LEVEL = "-Onone";
			};
			name = Debug;
		};
		738F5B2F1DB069A7003B4693 /* Release */ = {
			isa = XCBuildConfiguration;
			buildSettings = {
				ALWAYS_SEARCH_USER_PATHS = NO;
				CLANG_ANALYZER_NONNULL = YES;
				CLANG_CXX_LANGUAGE_STANDARD = "gnu++0x";
				CLANG_CXX_LIBRARY = "libc++";
				CLANG_ENABLE_MODULES = YES;
				CLANG_ENABLE_OBJC_ARC = YES;
				CLANG_WARN_BOOL_CONVERSION = YES;
				CLANG_WARN_CONSTANT_CONVERSION = YES;
				CLANG_WARN_DIRECT_OBJC_ISA_USAGE = YES_ERROR;
				CLANG_WARN_DOCUMENTATION_COMMENTS = YES;
				CLANG_WARN_EMPTY_BODY = YES;
				CLANG_WARN_ENUM_CONVERSION = YES;
				CLANG_WARN_INFINITE_RECURSION = YES;
				CLANG_WARN_INT_CONVERSION = YES;
				CLANG_WARN_OBJC_ROOT_CLASS = YES_ERROR;
				CLANG_WARN_SUSPICIOUS_MOVES = YES;
				CLANG_WARN_UNREACHABLE_CODE = YES;
				CLANG_WARN__DUPLICATE_METHOD_MATCH = YES;
				"CODE_SIGN_IDENTITY[sdk=iphoneos*]" = "iPhone Developer";
				COPY_PHASE_STRIP = NO;
				DEBUG_INFORMATION_FORMAT = "dwarf-with-dsym";
				ENABLE_NS_ASSERTIONS = NO;
				ENABLE_STRICT_OBJC_MSGSEND = YES;
				GCC_C_LANGUAGE_STANDARD = gnu99;
				GCC_NO_COMMON_BLOCKS = YES;
				GCC_WARN_64_TO_32_BIT_CONVERSION = YES;
				GCC_WARN_ABOUT_RETURN_TYPE = YES_ERROR;
				GCC_WARN_UNDECLARED_SELECTOR = YES;
				GCC_WARN_UNINITIALIZED_AUTOS = YES_AGGRESSIVE;
				GCC_WARN_UNUSED_FUNCTION = YES;
				GCC_WARN_UNUSED_VARIABLE = YES;
				IPHONEOS_DEPLOYMENT_TARGET = 10.0;
				MTL_ENABLE_DEBUG_INFO = NO;
				SDKROOT = iphoneos;
				SWIFT_OPTIMIZATION_LEVEL = "-Owholemodule";
				VALIDATE_PRODUCT = YES;
			};
			name = Release;
		};
		738F5B311DB069A7003B4693 /* Debug */ = {
			isa = XCBuildConfiguration;
			buildSettings = {
				ASSETCATALOG_COMPILER_APPICON_NAME = AppIcon;
				INFOPLIST_FILE = SLEmotionKeyboardExample/Info.plist;
				LD_RUNPATH_SEARCH_PATHS = "$(inherited) @executable_path/Frameworks";
				PRODUCT_BUNDLE_IDENTIFIER = com.001bank.SLEmotionKeyboardExample;
				PRODUCT_NAME = "$(TARGET_NAME)";
				SWIFT_VERSION = 3.0;
			};
			name = Debug;
		};
		738F5B321DB069A7003B4693 /* Release */ = {
			isa = XCBuildConfiguration;
			buildSettings = {
				ASSETCATALOG_COMPILER_APPICON_NAME = AppIcon;
				INFOPLIST_FILE = SLEmotionKeyboardExample/Info.plist;
				LD_RUNPATH_SEARCH_PATHS = "$(inherited) @executable_path/Frameworks";
				PRODUCT_BUNDLE_IDENTIFIER = com.001bank.SLEmotionKeyboardExample;
				PRODUCT_NAME = "$(TARGET_NAME)";
				SWIFT_VERSION = 3.0;
			};
			name = Release;
		};
		738F5B341DB069A7003B4693 /* Debug */ = {
			isa = XCBuildConfiguration;
			buildSettings = {
				ALWAYS_EMBED_SWIFT_STANDARD_LIBRARIES = YES;
				BUNDLE_LOADER = "$(TEST_HOST)";
				INFOPLIST_FILE = SLEmotionKeyboardExampleTests/Info.plist;
				LD_RUNPATH_SEARCH_PATHS = "$(inherited) @executable_path/Frameworks @loader_path/Frameworks";
				PRODUCT_BUNDLE_IDENTIFIER = com.001bank.SLEmotionKeyboardExampleTests;
				PRODUCT_NAME = "$(TARGET_NAME)";
				SWIFT_VERSION = 3.0;
				TEST_HOST = "$(BUILT_PRODUCTS_DIR)/SLEmotionKeyboardExample.app/SLEmotionKeyboardExample";
			};
			name = Debug;
		};
		738F5B351DB069A7003B4693 /* Release */ = {
			isa = XCBuildConfiguration;
			buildSettings = {
				ALWAYS_EMBED_SWIFT_STANDARD_LIBRARIES = YES;
				BUNDLE_LOADER = "$(TEST_HOST)";
				INFOPLIST_FILE = SLEmotionKeyboardExampleTests/Info.plist;
				LD_RUNPATH_SEARCH_PATHS = "$(inherited) @executable_path/Frameworks @loader_path/Frameworks";
				PRODUCT_BUNDLE_IDENTIFIER = com.001bank.SLEmotionKeyboardExampleTests;
				PRODUCT_NAME = "$(TARGET_NAME)";
				SWIFT_VERSION = 3.0;
				TEST_HOST = "$(BUILT_PRODUCTS_DIR)/SLEmotionKeyboardExample.app/SLEmotionKeyboardExample";
			};
			name = Release;
		};
		738F5B371DB069A7003B4693 /* Debug */ = {
			isa = XCBuildConfiguration;
			buildSettings = {
				ALWAYS_EMBED_SWIFT_STANDARD_LIBRARIES = YES;
				INFOPLIST_FILE = SLEmotionKeyboardExampleUITests/Info.plist;
				LD_RUNPATH_SEARCH_PATHS = "$(inherited) @executable_path/Frameworks @loader_path/Frameworks";
				PRODUCT_BUNDLE_IDENTIFIER = com.001bank.SLEmotionKeyboardExampleUITests;
				PRODUCT_NAME = "$(TARGET_NAME)";
				SWIFT_VERSION = 3.0;
				TEST_TARGET_NAME = SLEmotionKeyboardExample;
			};
			name = Debug;
		};
		738F5B381DB069A7003B4693 /* Release */ = {
			isa = XCBuildConfiguration;
			buildSettings = {
				ALWAYS_EMBED_SWIFT_STANDARD_LIBRARIES = YES;
				INFOPLIST_FILE = SLEmotionKeyboardExampleUITests/Info.plist;
				LD_RUNPATH_SEARCH_PATHS = "$(inherited) @executable_path/Frameworks @loader_path/Frameworks";
				PRODUCT_BUNDLE_IDENTIFIER = com.001bank.SLEmotionKeyboardExampleUITests;
				PRODUCT_NAME = "$(TARGET_NAME)";
				SWIFT_VERSION = 3.0;
				TEST_TARGET_NAME = SLEmotionKeyboardExample;
			};
			name = Release;
		};
/* End XCBuildConfiguration section */

/* Begin XCConfigurationList section */
		738F5B031DB069A7003B4693 /* Build configuration list for PBXProject "SLEmotionKeyboardExample" */ = {
			isa = XCConfigurationList;
			buildConfigurations = (
				738F5B2E1DB069A7003B4693 /* Debug */,
				738F5B2F1DB069A7003B4693 /* Release */,
			);
			defaultConfigurationIsVisible = 0;
			defaultConfigurationName = Release;
		};
		738F5B301DB069A7003B4693 /* Build configuration list for PBXNativeTarget "SLEmotionKeyboardExample" */ = {
			isa = XCConfigurationList;
			buildConfigurations = (
				738F5B311DB069A7003B4693 /* Debug */,
				738F5B321DB069A7003B4693 /* Release */,
			);
			defaultConfigurationIsVisible = 0;
			defaultConfigurationName = Release;
		};
		738F5B331DB069A7003B4693 /* Build configuration list for PBXNativeTarget "SLEmotionKeyboardExampleTests" */ = {
			isa = XCConfigurationList;
			buildConfigurations = (
				738F5B341DB069A7003B4693 /* Debug */,
				738F5B351DB069A7003B4693 /* Release */,
			);
			defaultConfigurationIsVisible = 0;
			defaultConfigurationName = Release;
		};
		738F5B361DB069A7003B4693 /* Build configuration list for PBXNativeTarget "SLEmotionKeyboardExampleUITests" */ = {
			isa = XCConfigurationList;
			buildConfigurations = (
				738F5B371DB069A7003B4693 /* Debug */,
				738F5B381DB069A7003B4693 /* Release */,
			);
			defaultConfigurationIsVisible = 0;
			defaultConfigurationName = Release;
		};
/* End XCConfigurationList section */
	};
	rootObject = 738F5B001DB069A7003B4693 /* Project object */;
}
